
Microsoft Visual Studio Solution File, Format Version 12.00
# Visual Studio Version 16
VisualStudioVersion = 16.0.31129.286
MinimumVisualStudioVersion = 10.0.40219.1
Project("{FAE04EC0-301F-11D3-BF4B-00C04F79EFBC}") = "Exercício 04 - Estrutura Sequencial", "Exercício 04 - Estrutura Sequencial\Exercício 04 - Estrutura Sequencial.csproj", "{64725456-7AF5-448D-B294-77E034E1A43C}"
EndProject
Global
	GlobalSection(SolutionConfigurationPlatforms) = preSolution
		Debug|Any CPU = Debug|Any CPU
		Release|Any CPU = Release|Any CPU
	EndGlobalSection
	GlobalSection(ProjectConfigurationPlatforms) = postSolution
		{64725456-7AF5-448D-B294-77E034E1A43C}.Debug|Any CPU.ActiveCfg = Debug|Any CPU
		{64725456-7AF5-448D-B294-77E034E1A43C}.Debug|Any CPU.Build.0 = Debug|Any CPU
		{64725456-7AF5-448D-B294-77E034E1A43C}.Release|Any CPU.ActiveCfg = Release|Any CPU
		{64725456-7AF5-448D-B294-77E034E1A43C}.Release|Any CPU.Build.0 = Release|Any CPU
	EndGlobalSection
	GlobalSection(SolutionProperties) = preSolution
		HideSolutionNode = FALSE
	EndGlobalSection
	GlobalSection(ExtensibilityGlobals) = postSolution
		SolutionGuid = {836DBB29-A228-4505-B532-640DB99B8320}
	EndGlobalSection
EndGlobal
